dependencies:
- name: venti-stack
  repository: https://kuoss.github.io/helm-charts
  version: 0.1.33
- name: code-server-go
  repository: https://kuoss.github.io/helm-charts
  version: 0.1.0
digest: sha256:8ea7f616c35fe6b501906c3bc4011bdb3a676f65b65d22d65442e85328d1a1b7
generated: "2023-12-05T06:22:19.317906789Z"
