dependencies:
- name: venti-stack
  repository: https://kuoss.github.io/helm-charts
  version: 0.1.27
- name: code-server-go
  repository: https://kuoss.github.io/helm-charts
  version: 0.0.12
digest: sha256:8c8a0b3b25b280f0ad81c8435d5d4a21ec59428a0600979ff2298c08c6010968
generated: "2023-10-23T06:36:31.880892177Z"
