dependencies:
- name: venti-stack
  repository: https://kuoss.github.io/helm-charts
  version: 0.1.27
- name: code-server-go
  repository: https://kuoss.github.io/helm-charts
  version: 0.0.9
digest: sha256:15ce7559c0cc9b8fe726a7e783cab99795a352b7606ec26b8fb71a3bba271433
generated: "2023-09-27T03:20:21.06718066Z"
