dependencies:
- name: venti-stack
  repository: https://kuoss.github.io/helm-charts
  version: 0.1.27
- name: code-server-go
  repository: https://kuoss.github.io/helm-charts
  version: 0.0.7
digest: sha256:2d9f77dbad8b6cc4352fca471c553d51e853e31793ccfc1aadedad36857a8d5b
generated: "2023-09-26T06:53:23.147302984Z"
